---
- name: 1-Secret
  difficulty: 1
  types:
    - ch1
- name: 2-Secret
  difficulty: 1
  types:
    - ch2
- name: 3-Secret
  difficulty: 1
  types:
    - ch3
- name: 4-Secret
  difficulty: 1
  types:
    - ch4
- name: 5-Secret
  difficulty: 1
  types:
    - ch5
- name: 6-Secret
  difficulty: 1
  types:
    - ch6
- name: 7-Secret
  difficulty: 1
  types:
    - ch7
- name: 8-Secret
  difficulty: 1
  types:
    - ch8
- name: 1-Secret Weaponless
  difficulty: 1
  types:
    - ch1
- name: 2-Secret Weaponless
  difficulty: 1
  types:
    - ch2
- name: 3-Secret Weaponless
  difficulty: 1
  types:
    - ch3
- name: 4-Secret Weaponless
  difficulty: 1
  types:
    - ch4
- name: 5-Secret Weaponless
  difficulty: 1
  types:
    - ch5
- name: 6-Secret Weaponless
  difficulty: 1
  types:
    - ch6
- name: 7-Secret Weaponless
  difficulty: 1
  types:
    - ch7
- name: 8-Secret Weaponless
  difficulty: 1
  types:
    - ch8
- name: 1-Secret 100%
  difficulty: 2
  types:
    - ch1
- name: 2-Secret 100%
  difficulty: 2
  types:
    - ch2
- name: 3-Secret 100%
  difficulty: 2
  types:
    - ch3
- name: 4-Secret 100%
  difficulty: 2
  types:
    - ch4
- name: 5-Secret 100%
  difficulty: 2
  types:
    - ch5
- name: 6-Secret 100%
  difficulty: 2
  types:
    - ch6
- name: 7-Secret 100%
  difficulty: 2
  types:
    - ch7
- name: 8-Secret 100%
  difficulty: 2
  types:
    - ch8
- name: 1-Secret Weaponless 100%
  difficulty: 2
  types:
    - ch1
- name: 2-Secret Weaponless 100%
  difficulty: 2
  types:
    - ch2
- name: 3-Secret Weaponless 100%
  difficulty: 2
  types:
    - ch3
- name: 4-Secret Weaponless 100%
  difficulty: 2
  types:
    - ch4
- name: 5-Secret Weaponless 100%
  difficulty: 2
  types:
    - ch5
- name: 6-Secret Weaponless 100%
  difficulty: 2
  types:
    - ch6
- name: 7-Secret Weaponless 100%
  difficulty: 2
  types:
    - ch7
- name: 8-Secret Weaponless 100%
  difficulty: 2
  types:
    - ch8
- name: 1-1
  difficulty: 3
  types:
    - ch1
- name: 1-2
  difficulty: 3
  types:
    - ch1
- name: 1-3
  difficulty: 3
  types:
    - ch1
- name: 1-4
  difficulty: 3
  types:
    - ch1
- name: 1-5
  difficulty: 3
  types:
    - ch1
- name: 1-6
  difficulty: 3
  types:
    - ch1
- name: 1-7
  difficulty: 3
  types:
    - ch1
- name: 1-8
  difficulty: 3
  types:
    - ch1
- name: 1-9
  difficulty: 3
  types:
    - ch1
- name: 1-Fin
  difficulty: 3
  types:
    - ch1
- name: 1-E1
  difficulty: 3
  types:
    - ch1
- name: 1-E2
  difficulty: 3
  types:
    - ch1
- name: 1-E3
  difficulty: 3
  types:
    - ch1
- name: 2-1
  difficulty: 3
  types:
    - ch2
- name: 2-2
  difficulty: 3
  types:
    - ch2
- name: 2-3
  difficulty: 3
  types:
    - ch2
- name: 2-4
  difficulty: 3
  types:
    - ch2
- name: 2-5
  difficulty: 3
  types:
    - ch2
- name: 2-6
  difficulty: 3
  types:
    - ch2
- name: 2-7
  difficulty: 3
  types:
    - ch2
- name: 2-8
  difficulty: 3
  types:
    - ch2
- name: 2-9
  difficulty: 3
  types:
    - ch2
- name: 2-Fin
  difficulty: 3
  types:
    - ch2
- name: 2-E1
  difficulty: 3
  types:
    - ch2
- name: 2-E2
  difficulty: 3
  types:
    - ch2
- name: 2-E3
  difficulty: 3
  types:
    - ch2
- name: 3-1
  difficulty: 3
  types:
    - ch3
- name: 3-2
  difficulty: 3
  types:
    - ch3
- name: 3-3
  difficulty: 3
  types:
    - ch3
- name: 3-4
  difficulty: 3
  types:
    - ch3
- name: 3-5
  difficulty: 3
  types:
    - ch3
- name: 3-6
  difficulty: 3
  types:
    - ch3
- name: 3-7
  difficulty: 3
  types:
    - ch3
- name: 3-8
  difficulty: 3
  types:
    - ch3
- name: 3-9
  difficulty: 3
  types:
    - ch3
- name: 3-Fin
  difficulty: 3
  types:
    - ch3
- name: 3-E1
  difficulty: 3
  types:
    - ch3
- name: 3-E2
  difficulty: 3
  types:
    - ch3
- name: 3-E3
  difficulty: 3
  types:
    - ch3
- name: 4-1
  difficulty: 3
  types:
    - ch4
- name: 4-2
  difficulty: 3
  types:
    - ch4
- name: 4-3
  difficulty: 3
  types:
    - ch4
- name: 4-4
  difficulty: 3
  types:
    - ch4
- name: 4-5
  difficulty: 3
  types:
    - ch4
- name: 4-6
  difficulty: 3
  types:
    - ch4
- name: 4-7
  difficulty: 3
  types:
    - ch4
- name: 4-8
  difficulty: 3
  types:
    - ch4
- name: 4-9
  difficulty: 3
  types:
    - ch4
- name: 4-Fin
  difficulty: 3
  types:
    - ch4
- name: 4-E1
  difficulty: 3
  types:
    - ch4
- name: 4-E2
  difficulty: 3
  types:
    - ch4
- name: 4-E3
  difficulty: 3
  types:
    - ch4
- name: 5-1
  difficulty: 3
  types:
    - ch5
- name: 5-2
  difficulty: 3
  types:
    - ch5
- name: 5-3
  difficulty: 3
  types:
    - ch5
- name: 5-4
  difficulty: 3
  types:
    - ch5
- name: 5-5
  difficulty: 3
  types:
    - ch5
- name: 5-6
  difficulty: 3
  types:
    - ch5
- name: 5-7
  difficulty: 3
  types:
    - ch5
- name: 5-8
  difficulty: 3
  types:
    - ch5
- name: 5-9
  difficulty: 3
  types:
    - ch5
- name: 5-Fin
  difficulty: 3
  types:
    - ch5
- name: 5-E1
  difficulty: 3
  types:
    - ch5
- name: 5-E2
  difficulty: 3
  types:
    - ch5
- name: 5-E3
  difficulty: 3
  types:
    - ch5
- name: 6-1
  difficulty: 3
  types:
    - ch6
- name: 6-2
  difficulty: 3
  types:
    - ch6
- name: 6-3
  difficulty: 3
  types:
    - ch6
- name: 6-4
  difficulty: 3
  types:
    - ch6
- name: 6-5
  difficulty: 3
  types:
    - ch6
- name: 6-6
  difficulty: 3
  types:
    - ch6
- name: 6-7
  difficulty: 3
  types:
    - ch6
- name: 6-8
  difficulty: 3
  types:
    - ch6
- name: 6-9
  difficulty: 3
  types:
    - ch6
- name: 6-Fin
  difficulty: 3
  types:
    - ch6
- name: 6-E1
  difficulty: 3
  types:
    - ch6
- name: 6-E2
  difficulty: 3
  types:
    - ch6
- name: 6-E3
  difficulty: 3
  types:
    - ch6
- name: 7-1
  difficulty: 3
  types:
    - ch7
- name: 7-2
  difficulty: 3
  types:
    - ch7
- name: 7-3
  difficulty: 3
  types:
    - ch7
- name: 7-4
  difficulty: 3
  types:
    - ch7
- name: 7-5
  difficulty: 3
  types:
    - ch7
- name: 7-6
  difficulty: 3
  types:
    - ch7
- name: 7-7
  difficulty: 3
  types:
    - ch7
- name: 7-8
  difficulty: 3
  types:
    - ch7
- name: 7-9
  difficulty: 3
  types:
    - ch7
- name: 7-Fin
  difficulty: 3
  types:
    - ch7
- name: 7-E1
  difficulty: 3
  types:
    - ch7
- name: 7-E2
  difficulty: 3
  types:
    - ch7
- name: 7-E3
  difficulty: 3
  types:
    - ch7
- name: 8-1
  difficulty: 3
  types:
    - ch8
- name: 8-2
  difficulty: 3
  types:
    - ch8
- name: 8-3
  difficulty: 3
  types:
    - ch8
- name: 8-4
  difficulty: 3
  types:
    - ch8
- name: 8-5
  difficulty: 3
  types:
    - ch8
- name: 8-6
  difficulty: 3
  types:
    - ch8
- name: 8-7
  difficulty: 3
  types:
    - ch8
- name: 8-8
  difficulty: 3
  types:
    - ch8
- name: 8-9
  difficulty: 3
  types:
    - ch8
- name: 8-Fin
  difficulty: 3
  types:
    - ch8
- name: 8-E1
  difficulty: 3
  types:
    - ch8
- name: 8-E2
  difficulty: 3
  types:
    - ch8
- name: 8-E3
  difficulty: 3
  types:
    - ch8
- name: 1-1 Weaponless
  difficulty: 4
  types:
    - ch1
- name: 1-2 Weaponless
  difficulty: 4
  types:
    - ch1
- name: 1-3 Weaponless
  difficulty: 4
  types:
    - ch1
- name: 1-4 Weaponless
  difficulty: 4
  types:
    - ch1
- name: 1-5 Weaponless
  difficulty: 4
  types:
    - ch1
- name: 1-6 Weaponless
  difficulty: 4
  types:
    - ch1
- name: 1-7 Weaponless
  difficulty: 4
  types:
    - ch1
- name: 1-8 Weaponless
  difficulty: 4
  types:
    - ch1
- name: 1-9 Weaponless
  difficulty: 4
  types:
    - ch1
- name: 1-Fin Weaponless
  difficulty: 4
  types:
    - ch1
- name: 1-E1 Weaponless
  difficulty: 4
  types:
    - ch1
- name: 1-E2 Weaponless
  difficulty: 4
  types:
    - ch1
- name: 1-E3 Weaponless
  difficulty: 4
  types:
    - ch1
- name: 2-1 Weaponless
  difficulty: 4
  types:
    - ch2
- name: 2-2 Weaponless
  difficulty: 4
  types:
    - ch2
- name: 2-3 Weaponless
  difficulty: 4
  types:
    - ch2
- name: 2-4 Weaponless
  difficulty: 4
  types:
    - ch2
- name: 2-5 Weaponless
  difficulty: 4
  types:
    - ch2
- name: 2-6 Weaponless
  difficulty: 4
  types:
    - ch2
- name: 2-7 Weaponless
  difficulty: 4
  types:
    - ch2
- name: 2-8 Weaponless
  difficulty: 4
  types:
    - ch2
- name: 2-9 Weaponless
  difficulty: 4
  types:
    - ch2
- name: 2-Fin Weaponless
  difficulty: 4
  types:
    - ch2
- name: 2-E1 Weaponless
  difficulty: 4
  types:
    - ch2
- name: 2-E2 Weaponless
  difficulty: 4
  types:
    - ch2
- name: 2-E3 Weaponless
  difficulty: 4
  types:
    - ch2
- name: 3-1 Weaponless
  difficulty: 4
  types:
    - ch3
- name: 3-2 Weaponless
  difficulty: 4
  types:
    - ch3
- name: 3-3 Weaponless
  difficulty: 4
  types:
    - ch3
- name: 3-4 Weaponless
  difficulty: 4
  types:
    - ch3
- name: 3-5 Weaponless
  difficulty: 4
  types:
    - ch3
- name: 3-6 Weaponless
  difficulty: 4
  types:
    - ch3
- name: 3-7 Weaponless
  difficulty: 4
  types:
    - ch3
- name: 3-8 Weaponless
  difficulty: 4
  types:
    - ch3
- name: 3-9 Weaponless
  difficulty: 4
  types:
    - ch3
- name: 3-Fin Weaponless
  difficulty: 4
  types:
    - ch3
- name: 3-E1 Weaponless
  difficulty: 4
  types:
    - ch3
- name: 3-E2 Weaponless
  difficulty: 4
  types:
    - ch3
- name: 3-E3 Weaponless
  difficulty: 4
  types:
    - ch3
- name: 4-1 Weaponless
  difficulty: 4
  types:
    - ch4
- name: 4-2 Weaponless
  difficulty: 4
  types:
    - ch4
- name: 4-3 Weaponless
  difficulty: 4
  types:
    - ch4
- name: 4-4 Weaponless
  difficulty: 4
  types:
    - ch4
- name: 4-5 Weaponless
  difficulty: 4
  types:
    - ch4
- name: 4-6 Weaponless
  difficulty: 4
  types:
    - ch4
- name: 4-7 Weaponless
  difficulty: 4
  types:
    - ch4
- name: 4-8 Weaponless
  difficulty: 4
  types:
    - ch4
- name: 4-9 Weaponless
  difficulty: 4
  types:
    - ch4
- name: 4-Fin Weaponless
  difficulty: 4
  types:
    - ch4
- name: 4-E1 Weaponless
  difficulty: 4
  types:
    - ch4
- name: 4-E2 Weaponless
  difficulty: 4
  types:
    - ch4
- name: 4-E3 Weaponless
  difficulty: 4
  types:
    - ch4
- name: 5-1 Weaponless
  difficulty: 4
  types:
    - ch5
- name: 5-2 Weaponless
  difficulty: 4
  types:
    - ch5
- name: 5-3 Weaponless
  difficulty: 4
  types:
    - ch5
- name: 5-4 Weaponless
  difficulty: 4
  types:
    - ch5
- name: 5-5 Weaponless
  difficulty: 4
  types:
    - ch5
- name: 5-6 Weaponless
  difficulty: 4
  types:
    - ch5
- name: 5-7 Weaponless
  difficulty: 4
  types:
    - ch5
- name: 5-8 Weaponless
  difficulty: 4
  types:
    - ch5
- name: 5-9 Weaponless
  difficulty: 4
  types:
    - ch5
- name: 5-Fin Weaponless
  difficulty: 4
  types:
    - ch5
- name: 5-E1 Weaponless
  difficulty: 4
  types:
    - ch5
- name: 5-E2 Weaponless
  difficulty: 4
  types:
    - ch5
- name: 5-E3 Weaponless
  difficulty: 4
  types:
    - ch5
- name: 6-1 Weaponless
  difficulty: 4
  types:
    - ch6
- name: 6-2 Weaponless
  difficulty: 4
  types:
    - ch6
- name: 6-3 Weaponless
  difficulty: 4
  types:
    - ch6
- name: 6-4 Weaponless
  difficulty: 4
  types:
    - ch6
- name: 6-5 Weaponless
  difficulty: 4
  types:
    - ch6
- name: 6-6 Weaponless
  difficulty: 4
  types:
    - ch6
- name: 6-7 Weaponless
  difficulty: 4
  types:
    - ch6
- name: 6-8 Weaponless
  difficulty: 4
  types:
    - ch6
- name: 6-9 Weaponless
  difficulty: 4
  types:
    - ch6
- name: 6-Fin Weaponless
  difficulty: 4
  types:
    - ch6
- name: 6-E1 Weaponless
  difficulty: 4
  types:
    - ch6
- name: 6-E2 Weaponless
  difficulty: 4
  types:
    - ch6
- name: 6-E3 Weaponless
  difficulty: 4
  types:
    - ch6
- name: 7-1 Weaponless
  difficulty: 4
  types:
    - ch7
- name: 7-2 Weaponless
  difficulty: 4
  types:
    - ch7
- name: 7-3 Weaponless
  difficulty: 4
  types:
    - ch7
- name: 7-4 Weaponless
  difficulty: 4
  types:
    - ch7
- name: 7-5 Weaponless
  difficulty: 4
  types:
    - ch7
- name: 7-6 Weaponless
  difficulty: 4
  types:
    - ch7
- name: 7-7 Weaponless
  difficulty: 4
  types:
    - ch7
- name: 7-8 Weaponless
  difficulty: 4
  types:
    - ch7
- name: 7-9 Weaponless
  difficulty: 4
  types:
    - ch7
- name: 7-Fin Weaponless
  difficulty: 4
  types:
    - ch7
- name: 7-E1 Weaponless
  difficulty: 4
  types:
    - ch7
- name: 7-E2 Weaponless
  difficulty: 4
  types:
    - ch7
- name: 7-E3 Weaponless
  difficulty: 4
  types:
    - ch7
- name: 8-1 Weaponless
  difficulty: 4
  types:
    - ch8
- name: 8-2 Weaponless
  difficulty: 4
  types:
    - ch8
- name: 8-3 Weaponless
  difficulty: 4
  types:
    - ch8
- name: 8-4 Weaponless
  difficulty: 4
  types:
    - ch8
- name: 8-5 Weaponless
  difficulty: 4
  types:
    - ch8
- name: 8-6 Weaponless
  difficulty: 4
  types:
    - ch8
- name: 8-7 Weaponless
  difficulty: 4
  types:
    - ch8
- name: 8-8 Weaponless
  difficulty: 4
  types:
    - ch8
- name: 8-9 Weaponless
  difficulty: 4
  types:
    - ch8
- name: 8-Fin Weaponless
  difficulty: 4
  types:
    - ch8
- name: 8-E1 Weaponless
  difficulty: 4
  types:
    - ch8
- name: 8-E2 Weaponless
  difficulty: 4
  types:
    - ch8
- name: 8-E3 Weaponless
  difficulty: 4
  types:
    - ch8
- name: 1-1 100%
  difficulty: 5
  types:
    - ch1
- name: 1-2 100%
  difficulty: 5
  types:
    - ch1
- name: 1-3 100%
  difficulty: 5
  types:
    - ch1
- name: 1-4 100%
  difficulty: 5
  types:
    - ch1
- name: 1-5 100%
  difficulty: 5
  types:
    - ch1
- name: 1-6 100%
  difficulty: 5
  types:
    - ch1
- name: 1-7 100%
  difficulty: 5
  types:
    - ch1
- name: 1-8 100%
  difficulty: 5
  types:
    - ch1
- name: 1-9 100%
  difficulty: 5
  types:
    - ch1
- name: 1-Fin 100%
  difficulty: 5
  types:
    - ch1
- name: 1-E1 100%
  difficulty: 5
  types:
    - ch1
- name: 1-E2 100%
  difficulty: 5
  types:
    - ch1
- name: 1-E3 100%
  difficulty: 5
  types:
    - ch1
- name: 2-1 100%
  difficulty: 5
  types:
    - ch2
- name: 2-2 100%
  difficulty: 5
  types:
    - ch2
- name: 2-3 100%
  difficulty: 5
  types:
    - ch2
- name: 2-4 100%
  difficulty: 5
  types:
    - ch2
- name: 2-5 100%
  difficulty: 5
  types:
    - ch2
- name: 2-6 100%
  difficulty: 5
  types:
    - ch2
- name: 2-7 100%
  difficulty: 5
  types:
    - ch2
- name: 2-8 100%
  difficulty: 5
  types:
    - ch2
- name: 2-9 100%
  difficulty: 5
  types:
    - ch2
- name: 2-Fin 100%
  difficulty: 5
  types:
    - ch2
- name: 2-E1 100%
  difficulty: 5
  types:
    - ch2
- name: 2-E2 100%
  difficulty: 5
  types:
    - ch2
- name: 2-E3 100%
  difficulty: 5
  types:
    - ch2
- name: 3-1 100%
  difficulty: 5
  types:
    - ch3
- name: 3-2 100%
  difficulty: 5
  types:
    - ch3
- name: 3-3 100%
  difficulty: 5
  types:
    - ch3
- name: 3-4 100%
  difficulty: 5
  types:
    - ch3
- name: 3-5 100%
  difficulty: 5
  types:
    - ch3
- name: 3-6 100%
  difficulty: 5
  types:
    - ch3
- name: 3-7 100%
  difficulty: 5
  types:
    - ch3
- name: 3-8 100%
  difficulty: 5
  types:
    - ch3
- name: 3-9 100%
  difficulty: 5
  types:
    - ch3
- name: 3-Fin 100%
  difficulty: 5
  types:
    - ch3
- name: 3-E1 100%
  difficulty: 5
  types:
    - ch3
- name: 3-E2 100%
  difficulty: 5
  types:
    - ch3
- name: 3-E3 100%
  difficulty: 5
  types:
    - ch3
- name: 4-1 100%
  difficulty: 5
  types:
    - ch4
- name: 4-2 100%
  difficulty: 5
  types:
    - ch4
- name: 4-3 100%
  difficulty: 5
  types:
    - ch4
- name: 4-4 100%
  difficulty: 5
  types:
    - ch4
- name: 4-5 100%
  difficulty: 5
  types:
    - ch4
- name: 4-6 100%
  difficulty: 5
  types:
    - ch4
- name: 4-7 100%
  difficulty: 5
  types:
    - ch4
- name: 4-8 100%
  difficulty: 5
  types:
    - ch4
- name: 4-9 100%
  difficulty: 5
  types:
    - ch4
- name: 4-Fin 100%
  difficulty: 5
  types:
    - ch4
- name: 4-E1 100%
  difficulty: 5
  types:
    - ch4
- name: 4-E2 100%
  difficulty: 5
  types:
    - ch4
- name: 4-E3 100%
  difficulty: 5
  types:
    - ch4
- name: 5-1 100%
  difficulty: 5
  types:
    - ch5
- name: 5-2 100%
  difficulty: 5
  types:
    - ch5
- name: 5-3 100%
  difficulty: 5
  types:
    - ch5
- name: 5-4 100%
  difficulty: 5
  types:
    - ch5
- name: 5-5 100%
  difficulty: 5
  types:
    - ch5
- name: 5-6 100%
  difficulty: 5
  types:
    - ch5
- name: 5-7 100%
  difficulty: 5
  types:
    - ch5
- name: 5-8 100%
  difficulty: 5
  types:
    - ch5
- name: 5-9 100%
  difficulty: 5
  types:
    - ch5
- name: 5-Fin 100%
  difficulty: 5
  types:
    - ch5
- name: 5-E1 100%
  difficulty: 5
  types:
    - ch5
- name: 5-E2 100%
  difficulty: 5
  types:
    - ch5
- name: 5-E3 100%
  difficulty: 5
  types:
    - ch5
- name: 6-1 100%
  difficulty: 5
  types:
    - ch6
- name: 6-2 100%
  difficulty: 5
  types:
    - ch6
- name: 6-3 100%
  difficulty: 5
  types:
    - ch6
- name: 6-4 100%
  difficulty: 5
  types:
    - ch6
- name: 6-5 100%
  difficulty: 5
  types:
    - ch6
- name: 6-6 100%
  difficulty: 5
  types:
    - ch6
- name: 6-7 100%
  difficulty: 5
  types:
    - ch6
- name: 6-8 100%
  difficulty: 5
  types:
    - ch6
- name: 6-9 100%
  difficulty: 5
  types:
    - ch6
- name: 6-Fin 100%
  difficulty: 5
  types:
    - ch6
- name: 6-E1 100%
  difficulty: 5
  types:
    - ch6
- name: 6-E2 100%
  difficulty: 5
  types:
    - ch6
- name: 6-E3 100%
  difficulty: 5
  types:
    - ch6
- name: 7-1 100%
  difficulty: 5
  types:
    - ch7
- name: 7-2 100%
  difficulty: 5
  types:
    - ch7
- name: 7-3 100%
  difficulty: 5
  types:
    - ch7
- name: 7-4 100%
  difficulty: 5
  types:
    - ch7
- name: 7-5 100%
  difficulty: 5
  types:
    - ch7
- name: 7-6 100%
  difficulty: 5
  types:
    - ch7
- name: 7-7 100%
  difficulty: 5
  types:
    - ch7
- name: 7-8 100%
  difficulty: 5
  types:
    - ch7
- name: 7-9 100%
  difficulty: 5
  types:
    - ch7
- name: 7-Fin 100%
  difficulty: 5
  types:
    - ch7
- name: 7-E1 100%
  difficulty: 5
  types:
    - ch7
- name: 7-E2 100%
  difficulty: 5
  types:
    - ch7
- name: 7-E3 100%
  difficulty: 5
  types:
    - ch7
- name: 8-1 100%
  difficulty: 5
  types:
    - ch8
- name: 8-2 100%
  difficulty: 5
  types:
    - ch8
- name: 8-3 100%
  difficulty: 5
  types:
    - ch8
- name: 8-4 100%
  difficulty: 5
  types:
    - ch8
- name: 8-5 100%
  difficulty: 5
  types:
    - ch8
- name: 8-6 100%
  difficulty: 5
  types:
    - ch8
- name: 8-7 100%
  difficulty: 5
  types:
    - ch8
- name: 8-8 100%
  difficulty: 5
  types:
    - ch8
- name: 8-9 100%
  difficulty: 5
  types:
    - ch8
- name: 8-Fin 100%
  difficulty: 5
  types:
    - ch8
- name: 8-E1 100%
  difficulty: 5
  types:
    - ch8
- name: 8-E2 100%
  difficulty: 5
  types:
    - ch8
- name: 8-E3 100%
  difficulty: 5
  types:
    - ch8
- name: 1-1 Weaponless 100%
  difficulty: 6
  types:
    - ch1
- name: 1-2 Weaponless 100%
  difficulty: 6
  types:
    - ch1
- name: 1-3 Weaponless 100%
  difficulty: 6
  types:
    - ch1
- name: 1-4 Weaponless 100%
  difficulty: 6
  types:
    - ch1
- name: 1-5 Weaponless 100%
  difficulty: 6
  types:
    - ch1
- name: 1-6 Weaponless 100%
  difficulty: 6
  types:
    - ch1
- name: 1-7 Weaponless 100%
  difficulty: 6
  types:
    - ch1
- name: 1-8 Weaponless 100%
  difficulty: 6
  types:
    - ch1
- name: 1-9 Weaponless 100%
  difficulty: 6
  types:
    - ch1
- name: 1-Fin Weaponless 100%
  difficulty: 6
  types:
    - ch1
- name: 1-E1 Weaponless 100%
  difficulty: 6
  types:
    - ch1
- name: 1-E2 Weaponless 100%
  difficulty: 6
  types:
    - ch1
- name: 1-E3 Weaponless 100%
  difficulty: 6
  types:
    - ch1
- name: 2-1 Weaponless 100%
  difficulty: 6
  types:
    - ch2
- name: 2-2 Weaponless 100%
  difficulty: 6
  types:
    - ch2
- name: 2-3 Weaponless 100%
  difficulty: 6
  types:
    - ch2
- name: 2-4 Weaponless 100%
  difficulty: 6
  types:
    - ch2
- name: 2-5 Weaponless 100%
  difficulty: 6
  types:
    - ch2
- name: 2-6 Weaponless 100%
  difficulty: 6
  types:
    - ch2
- name: 2-7 Weaponless 100%
  difficulty: 6
  types:
    - ch2
- name: 2-8 Weaponless 100%
  difficulty: 6
  types:
    - ch2
- name: 2-9 Weaponless 100%
  difficulty: 6
  types:
    - ch2
- name: 2-Fin Weaponless 100%
  difficulty: 6
  types:
    - ch2
- name: 2-E1 Weaponless 100%
  difficulty: 6
  types:
    - ch2
- name: 2-E2 Weaponless 100%
  difficulty: 6
  types:
    - ch2
- name: 2-E3 Weaponless 100%
  difficulty: 6
  types:
    - ch2
- name: 3-1 Weaponless 100%
  difficulty: 6
  types:
    - ch3
- name: 3-2 Weaponless 100%
  difficulty: 6
  types:
    - ch3
- name: 3-3 Weaponless 100%
  difficulty: 6
  types:
    - ch3
- name: 3-4 Weaponless 100%
  difficulty: 6
  types:
    - ch3
- name: 3-5 Weaponless 100%
  difficulty: 6
  types:
    - ch3
- name: 3-6 Weaponless 100%
  difficulty: 6
  types:
    - ch3
- name: 3-7 Weaponless 100%
  difficulty: 6
  types:
    - ch3
- name: 3-8 Weaponless 100%
  difficulty: 6
  types:
    - ch3
- name: 3-9 Weaponless 100%
  difficulty: 6
  types:
    - ch3
- name: 3-Fin Weaponless 100%
  difficulty: 6
  types:
    - ch3
- name: 3-E1 Weaponless 100%
  difficulty: 6
  types:
    - ch3
- name: 3-E2 Weaponless 100%
  difficulty: 6
  types:
    - ch3
- name: 3-E3 Weaponless 100%
  difficulty: 6
  types:
    - ch3
- name: 4-1 Weaponless 100%
  difficulty: 6
  types:
    - ch4
- name: 4-2 Weaponless 100%
  difficulty: 6
  types:
    - ch4
- name: 4-3 Weaponless 100%
  difficulty: 6
  types:
    - ch4
- name: 4-4 Weaponless 100%
  difficulty: 6
  types:
    - ch4
- name: 4-5 Weaponless 100%
  difficulty: 6
  types:
    - ch4
- name: 4-6 Weaponless 100%
  difficulty: 6
  types:
    - ch4
- name: 4-7 Weaponless 100%
  difficulty: 6
  types:
    - ch4
- name: 4-8 Weaponless 100%
  difficulty: 6
  types:
    - ch4
- name: 4-9 Weaponless 100%
  difficulty: 6
  types:
    - ch4
- name: 4-Fin Weaponless 100%
  difficulty: 6
  types:
    - ch4
- name: 4-E1 Weaponless 100%
  difficulty: 6
  types:
    - ch4
- name: 4-E2 Weaponless 100%
  difficulty: 6
  types:
    - ch4
- name: 4-E3 Weaponless 100%
  difficulty: 6
  types:
    - ch4
- name: 5-1 Weaponless 100%
  difficulty: 6
  types:
    - ch5
- name: 5-2 Weaponless 100%
  difficulty: 6
  types:
    - ch5
- name: 5-3 Weaponless 100%
  difficulty: 6
  types:
    - ch5
- name: 5-4 Weaponless 100%
  difficulty: 6
  types:
    - ch5
- name: 5-5 Weaponless 100%
  difficulty: 6
  types:
    - ch5
- name: 5-6 Weaponless 100%
  difficulty: 6
  types:
    - ch5
- name: 5-7 Weaponless 100%
  difficulty: 6
  types:
    - ch5
- name: 5-8 Weaponless 100%
  difficulty: 6
  types:
    - ch5
- name: 5-9 Weaponless 100%
  difficulty: 6
  types:
    - ch5
- name: 5-Fin Weaponless 100%
  difficulty: 6
  types:
    - ch5
- name: 5-E1 Weaponless 100%
  difficulty: 6
  types:
    - ch5
- name: 5-E2 Weaponless 100%
  difficulty: 6
  types:
    - ch5
- name: 5-E3 Weaponless 100%
  difficulty: 6
  types:
    - ch5
- name: 6-1 Weaponless 100%
  difficulty: 6
  types:
    - ch6
- name: 6-2 Weaponless 100%
  difficulty: 6
  types:
    - ch6
- name: 6-3 Weaponless 100%
  difficulty: 6
  types:
    - ch6
- name: 6-4 Weaponless 100%
  difficulty: 6
  types:
    - ch6
- name: 6-5 Weaponless 100%
  difficulty: 6
  types:
    - ch6
- name: 6-6 Weaponless 100%
  difficulty: 6
  types:
    - ch6
- name: 6-7 Weaponless 100%
  difficulty: 6
  types:
    - ch6
- name: 6-8 Weaponless 100%
  difficulty: 6
  types:
    - ch6
- name: 6-9 Weaponless 100%
  difficulty: 6
  types:
    - ch6
- name: 6-Fin Weaponless 100%
  difficulty: 6
  types:
    - ch6
- name: 6-E1 Weaponless 100%
  difficulty: 6
  types:
    - ch6
- name: 6-E2 Weaponless 100%
  difficulty: 6
  types:
    - ch6
- name: 6-E3 Weaponless 100%
  difficulty: 6
  types:
    - ch6
- name: 7-1 Weaponless 100%
  difficulty: 6
  types:
    - ch7
- name: 7-2 Weaponless 100%
  difficulty: 6
  types:
    - ch7
- name: 7-3 Weaponless 100%
  difficulty: 6
  types:
    - ch7
- name: 7-4 Weaponless 100%
  difficulty: 6
  types:
    - ch7
- name: 7-5 Weaponless 100%
  difficulty: 6
  types:
    - ch7
- name: 7-6 Weaponless 100%
  difficulty: 6
  types:
    - ch7
- name: 7-7 Weaponless 100%
  difficulty: 6
  types:
    - ch7
- name: 7-8 Weaponless 100%
  difficulty: 6
  types:
    - ch7
- name: 7-9 Weaponless 100%
  difficulty: 6
  types:
    - ch7
- name: 7-Fin Weaponless 100%
  difficulty: 6
  types:
    - ch7
- name: 7-E1 Weaponless 100%
  difficulty: 6
  types:
    - ch7
- name: 7-E2 Weaponless 100%
  difficulty: 6
  types:
    - ch7
- name: 7-E3 Weaponless 100%
  difficulty: 6
  types:
    - ch7
- name: 8-1 Weaponless 100%
  difficulty: 6
  types:
    - ch8
- name: 8-2 Weaponless 100%
  difficulty: 6
  types:
    - ch8
- name: 8-3 Weaponless 100%
  difficulty: 6
  types:
    - ch8
- name: 8-4 Weaponless 100%
  difficulty: 6
  types:
    - ch8
- name: 8-5 Weaponless 100%
  difficulty: 6
  types:
    - ch8
- name: 8-6 Weaponless 100%
  difficulty: 6
  types:
    - ch8
- name: 8-7 Weaponless 100%
  difficulty: 6
  types:
    - ch8
- name: 8-8 Weaponless 100%
  difficulty: 6
  types:
    - ch8
- name: 8-9 Weaponless 100%
  difficulty: 6
  types:
    - ch8
- name: 8-Fin Weaponless 100%
  difficulty: 6
  types:
    - ch8
- name: 8-E1 Weaponless 100%
  difficulty: 6
  types:
    - ch8
- name: 8-E2 Weaponless 100%
  difficulty: 6
  types:
    - ch8
- name: 8-E3 Weaponless 100%
  difficulty: 6
  types:
    - ch8
- name: Kill 5 unique cats
  difficulty: 7
  types: []
- name: Kill 10 unique cats
  difficulty: 7
  types: []
- name: Kill 5 pieces of toast
  difficulty: 7
  types:
    - killenemy
    - toast
- name: Kill 1 raccalope
  difficulty: 7
  types:
    - raccalope
- name: Kill 2 raccalopes
  difficulty: 7
  types:
    - raccalope
- name: Kill 3 ducksharks
  difficulty: 7
  types:
    - duckshark
- name: Kill the same duckshark 5 times
  difficulty: 7
  types:
    - duckshark
- name: Kill 2 unique fire cats
  difficulty: 8
  types:
    - fire
- name: Kill 2 unique boomerang cats
  difficulty: 8
  types:
    - boomerang
- name: Kill 2 unique paperplane cats
  difficulty: 8
  types:
    - paperplane
- name: Kill 4 unique big bonking cats
  difficulty: 8
  types:
    - pushers
- name: Kill 4 unique small cats
  difficulty: 8
  types:
    - small
- name: Kill 2 unique sucking cats
  difficulty: 8
  types:
    - suction
- name: Kill 2 unique blowing cats
  difficulty: 8
  types:
    - blow
- name: Kill 2 unique grenade cats
  difficulty: 8
  types:
    - grenade
- name: Kill 2 unique bubble cats
  difficulty: 8
  types:
    - bubble
- name: Kill 2 unique forceball cats
  difficulty: 8
  types:
    - forceball
- name: Kill 2 unique ice cats
  difficulty: 8
  types:
    - ice
- name: Drown 4 cats
  difficulty: 8
  types:
    - water
- name: Lure 2 cats into spikes
  difficulty: 8
  types:
    - forceball
- name: 1-6 doing frog boat skip
  difficulty: 9
  types:
    - frog
- name: 5-1 WITHOUT the treadmill boost
  difficulty: 9
  types:
    - casual
- name: 3-1 WITHOUT any omega boosts
  difficulty: 9
  types:
    - noob
- name: Collect 4 gems in any 5 stages
  difficulty: 9
  types:
    - runover
- name: 3-2 WITHOUT any of the yolo boosts
  difficulty: 9
  types:
    - frog
- name: 7-2, 7-3, 7-5 or 7-8 without any checkpoint skips
  difficulty: 9
  types:
    - badatruns
- name: 2-F2 without the frog clip
  difficulty: 9
  types:
    - xenemy
- name: 2-5 first ferdinand skip
  difficulty: 10
  types:
    - skips
- name: 6-4 yolo boost through all these lasers
  difficulty: 10
  types:
    - yolo
- name: 7-F1 journey through the boulder portals
  difficulty: 10
  types:
    - boulders
- name: 8-9 with that boost
  difficulty: 10
  types:
    - plsno
    - why
- name: 8-3 duckshark skip
  difficulty: 10
  types:
    - ohgod
- name: Have 5 paperplanes on screen at once
  difficulty: 11
  types:
    - dupe
    - paperplane
- name: Jam a rock between two blocks
  difficulty: 11
  types:
    - boulders
- name: Stand infront of a fire cat without getting hit by its fire
  difficulty: 11
  types:
    - touch
- name: Clear 3 Chapter 1 scenes
  difficulty: 12
  types: []
- name: Clear 3 Chapter 2 scenes
  difficulty: 12
  types: []
- name: Clear 3 Chapter 3 scenes
  difficulty: 12
  types: []
- name: Clear 3 Chapter 4 scenes
  difficulty: 12
  types: []
- name: Clear 3 Chapter 5 scenes
  difficulty: 12
  types: []
- name: Clear 3 Chapter 6 scenes
  difficulty: 12
  types: []
- name: Clear 3 Chapter 7 scenes
  difficulty: 12
  types: []
- name: Clear 3 Chapter 8 scenes
  difficulty: 12
  types: []
- name: 100% Clear 3 Chapter 1 scenes
  difficulty: 13
  types: []
- name: 100% Clear 3 Chapter 2 scenes
  difficulty: 13
  types: []
- name: 100% Clear 3 Chapter 3 scenes
  difficulty: 13
  types: []
- name: 100% Clear 3 Chapter 4 scenes
  difficulty: 13
  types: []
- name: 100% Clear 3 Chapter 5 scenes
  difficulty: 13
  types: []
- name: 100% Clear 3 Chapter 6 scenes
  difficulty: 13
  types: []
- name: 100% Clear 3 Chapter 7 scenes
  difficulty: 13
  types: []
- name: 100% Clear 3 Chapter 8 scenes
  difficulty: 13
  types: []
- name: Clear Encores in Ch1
  difficulty: 14
  types: []
- name: Clear Encores in Ch2
  difficulty: 14
  types: []
- name: Clear Encores in Ch3
  difficulty: 14
  types: []
- name: Clear Encores in Ch4
  difficulty: 14
  types: []
- name: Clear Encores in Ch5
  difficulty: 14
  types: []
- name: Clear Encores in Ch6
  difficulty: 14
  types: []
- name: Clear Encores in Ch7
  difficulty: 14
  types: []
- name: Clear Encores in Ch8
  difficulty: 14
  types: []
- name: 100% Encores in Ch1
  difficulty: 15
  types: []
- name: 100% Encores in Ch2
  difficulty: 15
  types: []
- name: 100% Encores in Ch3
  difficulty: 15
  types: []
- name: 100% Encores in Ch4
  difficulty: 15
  types: []
- name: 100% Encores in Ch5
  difficulty: 15
  types: []
- name: 100% Encores in Ch6
  difficulty: 15
  types: []
- name: 100% Encores in Ch7
  difficulty: 15
  types: []
- name: 100% Encores in Ch8
  difficulty: 15
  types: []
- name: 3-2 Pacifict
  difficulty: 16
  types: []
- name: 3-2 Genocide
  difficulty: 16
  types: []
- name: 1-8 Pacifict
  difficulty: 16
  types: []
- name: 1-8 Genocide
  difficulty: 16
  types: []
- name: 3-5 Pacifict
  difficulty: 16
  types: []
- name: 3-5 Genocide
  difficulty: 16
  types: []
- name: 7-9 Pacifict
  difficulty: 16
  types: []
- name: 7-9 Genocide
  difficulty: 16
  types: []
- name: 6-3 Pacifict
  difficulty: 16
  types: []
- name: 6-3 Genocide
  difficulty: 16
  types: []
- name: 7-5 Pacifict
  difficulty: 16
  types: []
- name: 7-5 Genocide
  difficulty: 16
  types: []
- name: Get all checkpoints in 7-5
  difficulty: 17
  types:
    - cpget
- name: Skip all checkpoints in 7-3
  difficulty: 17
  types:
    - cpskip
- name: Get all checkpoints in 1-7
  difficulty: 17
  types:
    - cpget
- name: Get all checkpoints in 5-5
  difficulty: 17
  types:
    - cpget
- name: Get all checkpoints in 6-8
  difficulty: 17
  types:
    - cpget
- name: Skip all checkpoints in 8-2
  difficulty: 17
  types:
    - cpskip
- name: Skip all checkpoints in 3-2
  difficulty: 17
  types:
    - cpskip
- name: Skip all checkpoints in 2-5
  difficulty: 17
  types:
    - cpskip
- name: 1 golden hat
  difficulty: 18
  types: []
- name: 2 golden hats
  difficulty: 18
  types: []
- name: 3 golden hats
  difficulty: 18
  types: []
- name: 50 unique gems
  difficulty: 19
  types: []
- name: 100 unique gems
  difficulty: 19
  types: []
- name: 150 unique gems
  difficulty: 19
  types: []
- name: 200 unique gems
  difficulty: 19
  types: []
- name: 10 unique yarns
  difficulty: 20
  types: []
- name: 15 unique yarns
  difficulty: 20
  types: []
- name: 20 unique yarns
  difficulty: 20
  types: []
- name: 25 unique yarns
  difficulty: 20
  types: []
- name: 30 unique yarns
  difficulty: 20
  types: []
- name: 15 NPC kills
  difficulty: 21
  types: []
- name: 20 NPC kills
  difficulty: 21
  types: []
- name: 25 NPC kills
  difficulty: 21
  types: []
- name: 30 NPC kills
  difficulty: 21
  types: []
- name: 20 unique stage clears
  difficulty: 22
  types: []
- name: 25 unique stage clears
  difficulty: 22
  types: []
- name: 30 unique stage clears
  difficulty: 22
  types: []
- name: 35 unique stage clears
  difficulty: 22
  types: []
- name: 40 unique stage clears
  difficulty: 22
  types: []
- name: 10 unique clock stamps
  difficulty: 23
  types: []
- name: 15 unique clock stamps
  difficulty: 23
  types: []
- name: 20 unique clock stamps
  difficulty: 23
  types: []
- name: 25 unique clock stamps
  difficulty: 23
  types: []
- name: 30 unique clock stamps
  difficulty: 23
  types: []
- name: Vacuum a cat's grenade and die from it
  difficulty: 24
  types:
    - grenade
- name: Kill 5 cats with their own grenades
  difficulty: 24
  types:
    - grenade
- name: Lure 5 cats into raccalopes
  difficulty: 24
  types:
    - raccalope
- name: Set yourself on fire, then extinguish yourself
  difficulty: 24
  types:
    - fire
- name: Bounce on 5 toxic bubbles without touching the ground
  difficulty: 24
  types:
    - bubble
- name: Kill that one paperplane cat with its own paperplanes
  difficulty: 24
  types:
    - paperplane
- name: Have a cat set another cat on fire
  difficulty: 24
  types:
    - fire
- name: Push a cat to it's demise using only forceballs
  difficulty: 24
  types:
    - forceball
- name: Duckshark's Big Adventure
  difficulty: 25
  types:
    - duckshark
- name: Bring a rock to the end of 6-4
  difficulty: 25
  types:
    - boulders
- name: Watch two full cutscenes
  difficulty: 25
  types:
    - cutscene
- name: 8-Secret cleared without ever standing still
  difficulty: 25
  types:
    - clear
- name: Finish a stage with 0 jumps
  difficulty: 25
  types:
    - jumpless
